[[package]]
name = "atomicwrites"
version = "1.4.1"
description = "Atomic file writes."
category = "dev"
optional = false
python-versions = ">=2.7, !=3.0.*, !=3.1.*, !=3.2.*, !=3.3.*"

[[package]]
name = "attrs"
version = "22.1.0"
description = "Classes Without Boilerplate"
category = "dev"
optional = false
python-versions = ">=3.5"

[package.extras]
dev = ["cloudpickle", "coverage[toml] (>=5.0.2)", "furo", "hypothesis", "mypy (>=0.900,!=0.940)", "pre-commit", "pympler", "pytest (>=4.3.0)", "pytest-mypy-plugins", "sphinx", "sphinx-notfound-page", "zope.interface"]
docs = ["furo", "sphinx", "sphinx-notfound-page", "zope.interface"]
tests = ["cloudpickle", "coverage[toml] (>=5.0.2)", "hypothesis", "mypy (>=0.900,!=0.940)", "pympler", "pytest (>=4.3.0)", "pytest-mypy-plugins", "zope.interface"]
tests-no-zope = ["cloudpickle", "coverage[toml] (>=5.0.2)", "hypothesis", "mypy (>=0.900,!=0.940)", "pympler", "pytest (>=4.3.0)", "pytest-mypy-plugins"]

[[package]]
name = "colorama"
version = "0.4.5"
description = "Cross-platform colored terminal text."
category = "main"
optional = false
python-versions = ">=2.7, !=3.0.*, !=3.1.*, !=3.2.*, !=3.3.*, !=3.4.*"

[[package]]
name = "jieba"
version = "0.42.1"
description = "Chinese Words Segmentation Utilities"
category = "main"
optional = false
python-versions = "*"

[[package]]
name = "levenshtein"
version = "0.20.7"
description = "Python extension for computing string edit distances and similarities."
category = "main"
optional = false
python-versions = ">=3.6"

[package.dependencies]
rapidfuzz = ">=2.3.0,<3.0.0"

[[package]]
name = "loguru"
version = "0.6.0"
description = "Python logging made (stupidly) simple"
category = "main"
optional = false
python-versions = ">=3.5"

[package.dependencies]
colorama = {version = ">=0.3.4", markers = "sys_platform == \"win32\""}
win32-setctime = {version = ">=1.0.0", markers = "sys_platform == \"win32\""}

[package.extras]
dev = ["Sphinx (>=4.1.1)", "black (>=19.10b0)", "colorama (>=0.3.4)", "docutils (==0.16)", "flake8 (>=3.7.7)", "isort (>=5.1.1)", "pytest (>=4.6.2)", "pytest-cov (>=2.7.1)", "sphinx-autobuild (>=0.7.1)", "sphinx-rtd-theme (>=0.4.3)", "tox (>=3.9.0)"]

[[package]]
name = "more-itertools"
version = "9.0.0"
description = "More routines for operating on iterables, beyond itertools"
category = "dev"
optional = false
python-versions = ">=3.7"

[[package]]
name = "opencc"
version = "1.1.4"
description = "Conversion between Traditional and Simplified Chinese"
category = "main"
optional = false
python-versions = "*"

[[package]]
name = "packaging"
version = "21.3"
description = "Core utilities for Python packages"
category = "dev"
optional = false
python-versions = ">=3.6"

[package.dependencies]
pyparsing = ">=2.0.2,<3.0.5 || >3.0.5"

[[package]]
name = "pluggy"
version = "0.13.1"
description = "plugin and hook calling mechanisms for python"
category = "dev"
optional = false
python-versions = ">=2.7, !=3.0.*, !=3.1.*, !=3.2.*, !=3.3.*"

[package.extras]
dev = ["pre-commit", "tox"]

[[package]]
name = "py"
version = "1.11.0"
description = "library with cross-python path, ini-parsing, io, code, log facilities"
category = "dev"
optional = false
python-versions = ">=2.7, !=3.0.*, !=3.1.*, !=3.2.*, !=3.3.*, !=3.4.*"

[[package]]
name = "py-chinese-pronounce"
version = "0.1.7"
description = "文字/漢語發音/注音互轉。相似發聲字/單詞。"
category = "main"
optional = false
python-versions = ">=3.6.9,<4.0.0"

[package.dependencies]
Levenshtein = ">=0.20.5,<0.21.0"

[[package]]
name = "pydantic"
version = "1.10.2"
description = "Data validation and settings management using python type hints"
category = "main"
optional = false
python-versions = ">=3.7"

[package.dependencies]
typing-extensions = ">=4.1.0"

[package.extras]
dotenv = ["python-dotenv (>=0.10.4)"]
email = ["email-validator (>=1.0.3)"]

[[package]]
name = "pyparsing"
version = "3.0.9"
description = "pyparsing module - Classes and methods to define and execute parsing grammars"
category = "dev"
optional = false
python-versions = ">=3.6.8"

[package.extras]
diagrams = ["jinja2", "railroad-diagrams"]

[[package]]
name = "pytest"
version = "5.4.3"
description = "pytest: simple powerful testing with Python"
category = "dev"
optional = false
python-versions = ">=3.5"

[package.dependencies]
atomicwrites = {version = ">=1.0", markers = "sys_platform == \"win32\""}
attrs = ">=17.4.0"
colorama = {version = "*", markers = "sys_platform == \"win32\""}
more-itertools = ">=4.0.0"
packaging = "*"
pluggy = ">=0.12,<1.0"
py = ">=1.5.0"
wcwidth = "*"

[package.extras]
checkqa-mypy = ["mypy (==v0.761)"]
testing = ["argcomplete", "hypothesis (>=3.56)", "mock", "nose", "requests", "xmlschema"]

[[package]]
name = "rapidfuzz"
version = "2.11.1"
description = "rapid fuzzy string matching"
category = "main"
optional = false
python-versions = ">=3.6"

[package.extras]
full = ["numpy"]

[[package]]
name = "typing-extensions"
version = "4.4.0"
description = "Backported and Experimental Type Hints for Python 3.7+"
category = "main"
optional = false
python-versions = ">=3.7"

[[package]]
name = "wcwidth"
version = "0.2.5"
description = "Measures the displayed width of unicode strings in a terminal"
category = "dev"
optional = false
python-versions = "*"

[[package]]
name = "win32-setctime"
version = "1.1.0"
description = "A small Python utility to set file creation time on Windows"
category = "main"
optional = false
python-versions = ">=3.5"

[package.extras]
dev = ["black (>=19.3b0)", "pytest (>=4.6.2)"]

[metadata]
lock-version = "1.1"
python-versions = "^3.8"
content-hash = "a3ee83681898693dbb5d12cf1c9cedb103867be90899917e469c47dbd068bed7"

[metadata.files]
atomicwrites = [
    {file = "atomicwrites-1.4.1.tar.gz", hash = "sha256:81b2c9071a49367a7f770170e5eec8cb66567cfbbc8c73d20ce5ca4a8d71cf11"},
]
attrs = [
    {file = "attrs-22.1.0-py2.py3-none-any.whl", hash = "sha256:86efa402f67bf2df34f51a335487cf46b1ec130d02b8d39fd248abfd30da551c"},
    {file = "attrs-22.1.0.tar.gz", hash = "sha256:29adc2665447e5191d0e7c568fde78b21f9672d344281d0c6e1ab085429b22b6"},
]
colorama = [
    {file = "colorama-0.4.5-py2.py3-none-any.whl", hash = "sha256:854bf444933e37f5824ae7bfc1e98d5bce2ebe4160d46b5edf346a89358e99da"},
    {file = "colorama-0.4.5.tar.gz", hash = "sha256:e6c6b4334fc50988a639d9b98aa429a0b57da6e17b9a44f0451f930b6967b7a4"},
]
jieba = [
    {file = "jieba-0.42.1.tar.gz", hash = "sha256:055ca12f62674fafed09427f176506079bc135638a14e23e25be909131928db2"},
]
levenshtein = [
    {file = "Levenshtein-0.20.7-cp310-cp310-macosx_10_9_universal2.whl", hash = "sha256:a7f4d3c478b1fcf412bf6c82914b02fed33ab359120df9172dda7bc855227461"},
    {file = "Levenshtein-0.20.7-cp310-cp310-macosx_10_9_x86_64.whl", hash = "sha256:bee682ab1005aff597946234e47c95fcf0f44d2b1f38075f0aba26bbc4e7545a"},
    {file = "Levenshtein-0.20.7-cp310-cp310-macosx_11_0_arm64.whl", hash = "sha256:17b5f1d1a4a5ac536283298c98cafc5632ae3897c8601fb2ec8babc6f47a1be9"},
    {file = "Levenshtein-0.20.7-cp310-cp310-manylinux_2_17_aarch64.manylinux2014_aarch64.whl", hash = "sha256:48291b25a904243f37c9aabbfed3eaba466c9a993f5f5946fe647163b7face07"},
    {file = "Levenshtein-0.20.7-cp310-cp310-manylinux_2_17_ppc64le.manylinux2014_ppc64le.whl", hash = "sha256:8c0637ae4fcb54d5c7fc9af24d348003b6f9dbaf7a06bf13f769d7b85903af39"},
    {file = "Levenshtein-0.20.7-cp310-cp310-manylinux_2_17_s390x.manylinux2014_s390x.whl", hash = "sha256:059027f5dd2aafb916301f46a619c7fe03ff5761cdb2d091cf80bf6dbc24bc29"},
    {file = "Levenshtein-0.20.7-cp310-cp310-manylinux_2_17_x86_64.manylinux2014_x86_64.whl", hash = "sha256:a0440d847b2c9986e4d27e8a59164714e5198530c69a5f9fb2e4620f9136d653"},
    {file = "Levenshtein-0.20.7-cp310-cp310-manylinux_2_5_i686.manylinux1_i686.manylinux_2_17_i686.manylinux2014_i686.whl", hash = "sha256:902ea10ba85e014dc5d23a7bbb3ab70722349561e73783dd71571359e8867244"},
    {file = "Levenshtein-0.20.7-cp310-cp310-musllinux_1_1_aarch64.whl", hash = "sha256:f961086c0dbba6c00cbd5c5b5646247efd0d0a4044444bfaa9efc7a6ba5e96a5"},
    {file = "Levenshtein-0.20.7-cp310-cp310-musllinux_1_1_i686.whl", hash = "sha256:ba690e4e33c360fcf0b8411ca90f8b9cc595e8deddd6a25a9a75a725b698cd6a"},
    {file = "Levenshtein-0.20.7-cp310-cp310-musllinux_1_1_ppc64le.whl", hash = "sha256:f5b972ca514898fb7131671c425a62ca38fdae2a8d6296e4b605ec8202349f8c"},
    {file = "Levenshtein-0.20.7-cp310-cp310-musllinux_1_1_s390x.whl", hash = "sha256:72f11a136f148eb1218e7d1492749b8b5594302010db0cebd47423c4ac8c79ee"},
    {file = "Levenshtein-0.20.7-cp310-cp310-musllinux_1_1_x86_64.whl", hash = "sha256:eb0fd32e8e433797499571447d9f975b4744be79c0a3339413868d79517231ed"},
    {file = "Levenshtein-0.20.7-cp310-cp310-win32.whl", hash = "sha256:c2e50baf7be8831524a87beec6c1873539519a1948f907dc3d4b9be27ebacb80"},
    {file = "Levenshtein-0.20.7-cp310-cp310-win_amd64.whl", hash = "sha256:8e9e3409338a42e3d4c30c224fdb678364542c77994f089fd6cc8131969eff48"},
    {file = "Levenshtein-0.20.7-cp311-cp311-macosx_10_9_universal2.whl", hash = "sha256:d41735c7a646dae8612e0552dfc53f45807eeb54364dfb1f0a65ac274bc56b3a"},
    {file = "Levenshtein-0.20.7-cp311-cp311-macosx_10_9_x86_64.whl", hash = "sha256:863740d7f45adfd29b95658a680b16113721eaa89857c67e7e9573c61e87bbd8"},
    {file = "Levenshtein-0.20.7-cp311-cp311-macosx_11_0_arm64.whl", hash = "sha256:e88951ad2831880405f3f055ab12a6aa72696c20a2815128eeccdc3bf914cd78"},
    {file = "Levenshtein-0.20.7-cp311-cp311-manylinux_2_17_aarch64.manylinux2014_aarch64.whl", hash = "sha256:80c55bcc31d21bd07f7d1589e11f2ac1faf3359cf9f93026a1944ee76a40f954"},
    {file = "Levenshtein-0.20.7-cp311-cp311-manylinux_2_17_ppc64le.manylinux2014_ppc64le.whl", hash = "sha256:281bffb09b2e1620db4e99a9df96e38d939c341c7c43cd5191326fbdb4d42275"},
    {file = "Levenshtein-0.20.7-cp311-cp311-manylinux_2_17_s390x.manylinux2014_s390x.whl", hash = "sha256:6a4c3607e2a0e66337d8ddf95ca7efe9b30ebf944119a4fb86503ea66f777263"},
    {file = "Levenshtein-0.20.7-cp311-cp311-manylinux_2_17_x86_64.manylinux2014_x86_64.whl", hash = "sha256:318c924e218be754427ce6bb4c630d9dcb5478eb00a8a3f8a0972086adc763b1"},
    {file = "Levenshtein-0.20.7-cp311-cp311-manylinux_2_5_i686.manylinux1_i686.manylinux_2_17_i686.manylinux2014_i686.whl", hash = "sha256:59706135d3107939effe9f9263bd78c507f4abd7bfb96acc5a7f4176aa0a90d2"},
    {file = "Levenshtein-0.20.7-cp311-cp311-musllinux_1_1_aarch64.whl", hash = "sha256:bfec6543d60c57e7543d9cbccdd5dfcf562f2c05cd6b814df68108a20794e254"},
    {file = "Levenshtein-0.20.7-cp311-cp311-musllinux_1_1_i686.whl", hash = "sha256:0ab71cc5ea86f6685a7b2235edad65f1f2a4b6341109af259d758973d96eece5"},
    {file = "Levenshtein-0.20.7-cp311-cp311-musllinux_1_1_ppc64le.whl", hash = "sha256:4522f5d662d3ee55a072fad18e2af5dae480658d4e23b04b455c4b7542ce4327"},
    {file = "Levenshtein-0.20.7-cp311-cp311-musllinux_1_1_s390x.whl", hash = "sha256:fcfded324f0710632e22050a2fd7b56b1cbcb2d21001630bcc26d536f54bffec"},
    {file = "Levenshtein-0.20.7-cp311-cp311-musllinux_1_1_x86_64.whl", hash = "sha256:e384782608837d9aaf123e413679883091744664a2cd76f0ad0e0a1f12facc57"},
    {file = "Levenshtein-0.20.7-cp311-cp311-win32.whl", hash = "sha256:65cc9938cb9bd8862fc220e0719fd7f9c291d788f0a62bb8840820c46fa5a4d0"},
    {file = "Levenshtein-0.20.7-cp311-cp311-win_amd64.whl", hash = "sha256:02688fff6d256afdd57da5359144ddab8e054b2ba98ddcf147fe191bdf996e88"},
    {file = "Levenshtein-0.20.7-cp36-cp36m-macosx_10_9_x86_64.whl", hash = "sha256:3ebd85fd6253abe89f852fc008294d490eb7a5f66913703148b8d263b048cc90"},
    {file = "Levenshtein-0.20.7-cp36-cp36m-manylinux_2_17_aarch64.manylinux2014_aarch64.whl", hash = "sha256:594a26bcf0cb720c16ac6db3fd4b3f411be756f9da7682f2f629089ff15aef18"},
    {file = "Levenshtein-0.20.7-cp36-cp36m-manylinux_2_17_ppc64le.manylinux2014_ppc64le.whl", hash = "sha256:78b5a71de59e30c697a64c69fc48b032bb99c43b7437091b808a9ba20bb0235c"},
    {file = "Levenshtein-0.20.7-cp36-cp36m-manylinux_2_17_s390x.manylinux2014_s390x.whl", hash = "sha256:e98e16b6ce531b12100c01daac922e8ec5b991832a5f58003f13b7d45ea82dc0"},
    {file = "Levenshtein-0.20.7-cp36-cp36m-manylinux_2_17_x86_64.manylinux2014_x86_64.whl", hash = "sha256:b906da4e9a7ba4ec33ed2f7238343866932c1a6f84944c804252b2922708d0ee"},
    {file = "Levenshtein-0.20.7-cp36-cp36m-manylinux_2_5_i686.manylinux1_i686.manylinux_2_17_i686.manylinux2014_i686.whl", hash = "sha256:5eca8a45d38c916783c44e5da06a367b77234efa51d84dda8804654b99efecc9"},
    {file = "Levenshtein-0.20.7-cp36-cp36m-musllinux_1_1_aarch64.whl", hash = "sha256:f15ec5f825c283a5aa427d78759ab8f84e7b5441d15cfff476b548bce3764666"},
    {file = "Levenshtein-0.20.7-cp36-cp36m-musllinux_1_1_i686.whl", hash = "sha256:266cdab48e2242b6c010beb8b7af4164aa87f4ad8d6fbd9f4f531214f8ddb234"},
    {file = "Levenshtein-0.20.7-cp36-cp36m-musllinux_1_1_ppc64le.whl", hash = "sha256:5a327d7581696c7a392a8f85cce7e54fa1303f5b79b3b2983abaab309b56cfd6"},
    {file = "Levenshtein-0.20.7-cp36-cp36m-musllinux_1_1_s390x.whl", hash = "sha256:28cd002cf5a499e6e9bd69d992ffd501b8473948f3e97d6e075b774df1901e8e"},
    {file = "Levenshtein-0.20.7-cp36-cp36m-musllinux_1_1_x86_64.whl", hash = "sha256:65097e45ef7a942a9b92999b81d2e91fe80cbd0616215e625af39d2166692018"},
    {file = "Levenshtein-0.20.7-cp36-cp36m-win32.whl", hash = "sha256:46c900c807b0614c454ba89271ec6f59212403c54dc68ea493ab1ece2c510618"},
    {file = "Levenshtein-0.20.7-cp36-cp36m-win_amd64.whl", hash = "sha256:2972c6c6a806e0c788f6ec39510abdb61b3a648fd141a5fa77becd2cc05ff551"},
    {file = "Levenshtein-0.20.7-cp37-cp37m-macosx_10_9_x86_64.whl", hash = "sha256:7e83cfec424f546dc3f0cc71896f8cc384a711f4116bc1abb0598302a9af3240"},
    {file = "Levenshtein-0.20.7-cp37-cp37m-manylinux_2_17_aarch64.manylinux2014_aarch64.whl", hash = "sha256:053edbb52fe8b8a1a6698c4fee39590c9e44a602ace807291eb87e3b17f85f48"},
    {file = "Levenshtein-0.20.7-cp37-cp37m-manylinux_2_17_ppc64le.manylinux2014_ppc64le.whl", hash = "sha256:ad297807bbdffce61b04e5e0c22f3c5d9e1905c1ee186f1f6d029f83bf0f18b8"},
    {file = "Levenshtein-0.20.7-cp37-cp37m-manylinux_2_17_s390x.manylinux2014_s390x.whl", hash = "sha256:25b88277832eb558305c3bb986ad61f19b5cb5a87aced289bce4a1701a92aa31"},
    {file = "Levenshtein-0.20.7-cp37-cp37m-manylinux_2_17_x86_64.manylinux2014_x86_64.whl", hash = "sha256:380accae56f8c9df99f34bc7e79d286fee37c3dd06b362c394b08ea96371b7c5"},
    {file = "Levenshtein-0.20.7-cp37-cp37m-manylinux_2_5_i686.manylinux1_i686.manylinux_2_17_i686.manylinux2014_i686.whl", hash = "sha256:d0d03fc67499ee90feedfa2add4aaa1c091a7bf333535d847b10fffe390e58fe"},
    {file = "Levenshtein-0.20.7-cp37-cp37m-musllinux_1_1_aarch64.whl", hash = "sha256:e6ff81c570413bcc35f1c16850eb66e2493a3259e68efe8672376533d2c82d38"},
    {file = "Levenshtein-0.20.7-cp37-cp37m-musllinux_1_1_i686.whl", hash = "sha256:dd1696d91f2a37cece9bd22e507e7be7c37c59ecc61fd15f0d0f31e3b6888957"},
    {file = "Levenshtein-0.20.7-cp37-cp37m-musllinux_1_1_ppc64le.whl", hash = "sha256:97f02ff49d1fa21308207a7743bec4fdd7aa90e8dd091539da660fc51e624c4d"},
    {file = "Levenshtein-0.20.7-cp37-cp37m-musllinux_1_1_s390x.whl", hash = "sha256:18888d50813b9df9b8dc8c1506ec40c783db25f130a6101eb89896b27076f751"},
    {file = "Levenshtein-0.20.7-cp37-cp37m-musllinux_1_1_x86_64.whl", hash = "sha256:2b4027b370cc46c4802ba32a979729209c0407d548723e809f19a50a9df27405"},
    {file = "Levenshtein-0.20.7-cp37-cp37m-win32.whl", hash = "sha256:0b439f4fb0b615bc0443cc83eaf5835bd480f680c69ed1be963bdb401b8159f8"},
    {file = "Levenshtein-0.20.7-cp37-cp37m-win_amd64.whl", hash = "sha256:d118d63f08fd6ac285cb8166e96c992a6ed0e7a1644e8790c39070b18779e688"},
    {file = "Levenshtein-0.20.7-cp38-cp38-macosx_10_9_universal2.whl", hash = "sha256:bcaaa8e542cb7e1962d0a58ce6a25f6b4b6ca2e5ce743155fc1f6eb2fea52574"},
    {file = "Levenshtein-0.20.7-cp38-cp38-macosx_10_9_x86_64.whl", hash = "sha256:ff435abdcbfdf4a070f488830cd53aef77cf8649d0fd8ed76bf27d9566e80e78"},
    {file = "Levenshtein-0.20.7-cp38-cp38-macosx_11_0_arm64.whl", hash = "sha256:b8e936e620e5f336a207e08c0da9dace5d4dbcc8e64743ab1acaa77a64bbf060"},
    {file = "Levenshtein-0.20.7-cp38-cp38-manylinux_2_17_aarch64.manylinux2014_aarch64.whl", hash = "sha256:c702fb7c8bfd87c9ce9c8bddfc9a5796a492bab35a52b1693adee413721e32f2"},
    {file = "Levenshtein-0.20.7-cp38-cp38-manylinux_2_17_ppc64le.manylinux2014_ppc64le.whl", hash = "sha256:5fa85f6789178ede5333568cbee5bac5fa9718d5f02406b65545e83368fa8fe9"},
    {file = "Levenshtein-0.20.7-cp38-cp38-manylinux_2_17_s390x.manylinux2014_s390x.whl", hash = "sha256:b7317035875bd7c4705e2566848b2043b78e18f2f5675ea651f9f7805b5589eb"},
    {file = "Levenshtein-0.20.7-cp38-cp38-manylinux_2_17_x86_64.manylinux2014_x86_64.whl", hash = "sha256:183b8da9b870ad171a11a629c43e0587a228aea9d595a969231d59bf530b6c77"},
    {file = "Levenshtein-0.20.7-cp38-cp38-manylinux_2_5_i686.manylinux1_i686.manylinux_2_17_i686.manylinux2014_i686.whl", hash = "sha256:bb14da3d63da994c34cfa47cde469df8013ddf5f575455a22530c8c4a0ed8616"},
    {file = "Levenshtein-0.20.7-cp38-cp38-musllinux_1_1_aarch64.whl", hash = "sha256:b2bac59721d246939b21274229b9923aeae3db97b6118da739c658c17e110dd6"},
    {file = "Levenshtein-0.20.7-cp38-cp38-musllinux_1_1_i686.whl", hash = "sha256:fbac4c8ffadb685189efa92fafdb2f5392e9cbd262eae3818bcdb1bd19acaaf2"},
    {file = "Levenshtein-0.20.7-cp38-cp38-musllinux_1_1_ppc64le.whl", hash = "sha256:add6778bb51efb80174937543754d2dfa0f4e504e7302d97896006a642c14f95"},
    {file = "Levenshtein-0.20.7-cp38-cp38-musllinux_1_1_s390x.whl", hash = "sha256:5038a5e9e106087c117f0a7d6fd9d8a382b228da24bbd085b9f2b5d54ab11c3a"},
    {file = "Levenshtein-0.20.7-cp38-cp38-musllinux_1_1_x86_64.whl", hash = "sha256:c6c79a6138be017d85f3bab1df735669b669a38f9b3ff646a1f179afbacb7b63"},
    {file = "Levenshtein-0.20.7-cp38-cp38-win32.whl", hash = "sha256:7e0f7045c420abdea249a28384baa846b87bad5c9f42af1957dc50c6e337fa1a"},
    {file = "Levenshtein-0.20.7-cp38-cp38-win_amd64.whl", hash = "sha256:bbdd3c896db09993b7879cd35e56da6ed8918d161d6e80f9d9c40d78d34e4784"},
    {file = "Levenshtein-0.20.7-cp39-cp39-macosx_10_9_universal2.whl", hash = "sha256:ae075ebf7bb5f48b3bd2fc9cd53346e4ff43e2515a4f822914bbc62a3cbd6e7e"},
    {file = "Levenshtein-0.20.7-cp39-cp39-macosx_10_9_x86_64.whl", hash = "sha256:b314ad1f0667715e8d1b6197d5336ab579b13e801172721d62331bd40034a30c"},
    {file = "Levenshtein-0.20.7-cp39-cp39-macosx_11_0_arm64.whl", hash = "sha256:3c7784f9936292c9d3f92fc772d874edc071a16cd883ea0d997e5c4318f6362c"},
    {file = "Levenshtein-0.20.7-cp39-cp39-manylinux_2_17_aarch64.manylinux2014_aarch64.whl", hash = "sha256:cf205ac52cb6b45745c0a4891cdb6e709c10ad5b034aa736aff561fc4ce9828c"},
    {file = "Levenshtein-0.20.7-cp39-cp39-manylinux_2_17_ppc64le.manylinux2014_ppc64le.whl", hash = "sha256:0ec50d24a12e50857e94ac9035d3c06fd0827bb477b9ebcd83a2a49dd89e5e23"},
    {file = "Levenshtein-0.20.7-cp39-cp39-manylinux_2_17_s390x.manylinux2014_s390x.whl", hash = "sha256:dfcad9c63a893c95ba1149481b9680ce68dd71211f08df0073ee62700790bc97"},
    {file = "Levenshtein-0.20.7-cp39-cp39-manylinux_2_17_x86_64.manylinux2014_x86_64.whl", hash = "sha256:f296c7fe928ce0e29e313f85c43a5ab80542e096e1163c2605b8cc18aa2aff2b"},
    {file = "Levenshtein-0.20.7-cp39-cp39-manylinux_2_5_i686.manylinux1_i686.manylinux_2_17_i686.manylinux2014_i686.whl", hash = "sha256:0323e8dbeec4d63c27111796baa7e8a89b391c32d90e67d78f9404d0c8edeab4"},
    {file = "Levenshtein-0.20.7-cp39-cp39-musllinux_1_1_aarch64.whl", hash = "sha256:f3ed67279a4b317a808ac743d3a915f74187530c5f3d9c859e5d04d475b8c174"},
    {file = "Levenshtein-0.20.7-cp39-cp39-musllinux_1_1_i686.whl", hash = "sha256:bbc2e1632f4a61fa171ddab3bc8368fb8475e7ce68733ca92fec862fdd8e0f60"},
    {file = "Levenshtein-0.20.7-cp39-cp39-musllinux_1_1_ppc64le.whl", hash = "sha256:f9bd7d7a449667d6f17edd9045ec82a4ed2767afb91743d3d0b18c376a56dfe2"},
    {file = "Levenshtein-0.20.7-cp39-cp39-musllinux_1_1_s390x.whl", hash = "sha256:05f11a4be4f668974238cff21208fbd9f629cab8a68b444b7d4a4cfd8081b1d6"},
    {file = "Levenshtein-0.20.7-cp39-cp39-musllinux_1_1_x86_64.whl", hash = "sha256:0274b87df89d1dda8dce77cf05a9dfab7bd30045a09e0d9435ec8be622e374e6"},
    {file = "Levenshtein-0.20.7-cp39-cp39-win32.whl", hash = "sha256:e5ea0abea338c617b753082f36f64c70ade853d88e91ab5732b301ae8ed16e3f"},
    {file = "Levenshtein-0.20.7-cp39-cp39-win_amd64.whl", hash = "sha256:ee74a73e1f9e16b71f67329e99bb58aa4af9a2c3c4b3a5db9f26e92e7c39e161"},
    {file = "Levenshtein-0.20.7-pp37-pypy37_pp73-macosx_10_9_x86_64.whl", hash = "sha256:88484b8c3f71dc9205d0d36da541e2cdcf4bc74474a2ee8d99c2e6411b659b89"},
    {file = "Levenshtein-0.20.7-pp37-pypy37_pp73-manylinux_2_17_aarch64.manylinux2014_aarch64.whl", hash = "sha256:d24c09f397c3ce55f20e0250da7ba5b0e5249cb5d21465e71ec15154a3a7e8e0"},
    {file = "Levenshtein-0.20.7-pp37-pypy37_pp73-manylinux_2_17_x86_64.manylinux2014_x86_64.whl", hash = "sha256:f32df1b19f773bb41382e8b215955d248c9766e3d6ff5a1dd89709e7d96e4685"},
    {file = "Levenshtein-0.20.7-pp37-pypy37_pp73-manylinux_2_5_i686.manylinux1_i686.manylinux_2_17_i686.manylinux2014_i686.whl", hash = "sha256:4126c8fe9d817ac3ab223ee5db41a09d0fa82dbd6bb59d207b6f7313d733f19b"},
    {file = "Levenshtein-0.20.7-pp37-pypy37_pp73-win_amd64.whl", hash = "sha256:019ae21de930d6077efa1eac746de4df5234e7c6c11ab10080c0935fc5abbecf"},
    {file = "Levenshtein-0.20.7-pp38-pypy38_pp73-macosx_10_9_x86_64.whl", hash = "sha256:9ea9a2a154dc7d8658930fa87cda0e6094235b5e130f037d9894eaf8722119a5"},
    {file = "Levenshtein-0.20.7-pp38-pypy38_pp73-manylinux_2_17_aarch64.manylinux2014_aarch64.whl", hash = "sha256:a6d39a27b542a781d691827b955d685d496fb6cccfc6eecc336a78b399032062"},
    {file = "Levenshtein-0.20.7-pp38-pypy38_pp73-manylinux_2_17_x86_64.manylinux2014_x86_64.whl", hash = "sha256:fc43c8276d0a7c7b76f31d4f3f80f9eb820673628f1411770a70029c1d5f6a75"},
    {file = "Levenshtein-0.20.7-pp38-pypy38_pp73-manylinux_2_5_i686.manylinux1_i686.manylinux_2_17_i686.manylinux2014_i686.whl", hash = "sha256:131fc50d52a52acc367ea8bccb028447b734243d00ba1cfc7d9ff8d0dc37fa38"},
    {file = "Levenshtein-0.20.7-pp38-pypy38_pp73-win_amd64.whl", hash = "sha256:4155f0ab246b6892110960f25989ab91073cd708b974f4732dca4d219a8be3e1"},
    {file = "Levenshtein-0.20.7-pp39-pypy39_pp73-macosx_10_9_x86_64.whl", hash = "sha256:c9ba1725826f6571a6e4c1561bb1613711f0058b91927a147dc42c637ba087d9"},
    {file = "Levenshtein-0.20.7-pp39-pypy39_pp73-manylinux_2_17_aarch64.manylinux2014_aarch64.whl", hash = "sha256:7b212edc9bf9d0c25cc3117483289b9e1a49a1ed134a02635baa987e9f0d89db"},
    {file = "Levenshtein-0.20.7-pp39-pypy39_pp73-manylinux_2_17_x86_64.manylinux2014_x86_64.whl", hash = "sha256:8a08810e0bcc606d10cf1c5389c96fc92362244c0cf761358c495c2eb29df3dc"},
    {file = "Levenshtein-0.20.7-pp39-pypy39_pp73-manylinux_2_5_i686.manylinux1_i686.manylinux_2_17_i686.manylinux2014_i686.whl", hash = "sha256:9533db74a2685169380db3db3ab59643453e7c486fffa9bf3ab60b73c4e174be"},
    {file = "Levenshtein-0.20.7-pp39-pypy39_pp73-win_amd64.whl", hash = "sha256:41f16267d8e6d916e06a6a1a0e151f643a6bab1277945a4bd494f359d4185dd2"},
    {file = "Levenshtein-0.20.7.tar.gz", hash = "sha256:b26fb439a7fbb522af63bbd781fbf51ec0c0659134a93f5bc8e9e68641df811e"},
]
loguru = [
    {file = "loguru-0.6.0-py3-none-any.whl", hash = "sha256:4e2414d534a2ab57573365b3e6d0234dfb1d84b68b7f3b948e6fb743860a77c3"},
    {file = "loguru-0.6.0.tar.gz", hash = "sha256:066bd06758d0a513e9836fd9c6b5a75bfb3fd36841f4b996bc60b547a309d41c"},
]
more-itertools = [
    {file = "more-itertools-9.0.0.tar.gz", hash = "sha256:5a6257e40878ef0520b1803990e3e22303a41b5714006c32a3fd8304b26ea1ab"},
    {file = "more_itertools-9.0.0-py3-none-any.whl", hash = "sha256:250e83d7e81d0c87ca6bd942e6aeab8cc9daa6096d12c5308f3f92fa5e5c1f41"},
]
opencc = [
    {file = "OpenCC-1.1.4-cp310-cp310-macosx_10_9_x86_64.whl", hash = "sha256:f6ac142c255ec302a82789897f9f6d6919b0775eee7a6f5245f019201843445d"},
    {file = "OpenCC-1.1.4-cp310-cp310-manylinux1_x86_64.whl", hash = "sha256:3b850c82dec80cdb53bb647f8e73a76169f808f96c1392deba3b65802aa20df2"},
    {file = "OpenCC-1.1.4-cp37-cp37m-macosx_10_9_x86_64.whl", hash = "sha256:f5057d534ba80f7152dd0ecafd2a77da2deb304f8a9de75d0ec8886939d5376b"},
    {file = "OpenCC-1.1.4-cp37-cp37m-manylinux1_x86_64.whl", hash = "sha256:b8f03a5bbe95c06b4a332d8068cd17181efbaca84bd7cfa05cad26581ef57eaa"},
    {file = "OpenCC-1.1.4-cp38-cp38-macosx_10_9_x86_64.whl", hash = "sha256:8a5d27bdbb274d7f8c62fa9b764425962493ae5e17ecadc5cf2c9884aa607c97"},
    {file = "OpenCC-1.1.4-cp38-cp38-manylinux1_x86_64.whl", hash = "sha256:1881bc2c1a8ae2bb447236e3d15e59619d398e30132d8237aa2c2e08e4188416"},
    {file = "OpenCC-1.1.4-cp39-cp39-macosx_10_9_x86_64.whl", hash = "sha256:2ba4fe82ba4725db124b4eea9c641364b81e251bb1ebe6cc7e7a02bcbbea602f"},
    {file = "OpenCC-1.1.4-cp39-cp39-manylinux1_x86_64.whl", hash = "sha256:470234d260b1115818ccfa12f28717d581b1ea9b70a288b6eaeee01eeeb5636d"},
]
packaging = [
    {file = "packaging-21.3-py3-none-any.whl", hash = "sha256:ef103e05f519cdc783ae24ea4e2e0f508a9c99b2d4969652eed6a2e1ea5bd522"},
    {file = "packaging-21.3.tar.gz", hash = "sha256:dd47c42927d89ab911e606518907cc2d3a1f38bbd026385970643f9c5b8ecfeb"},
]
pluggy = [
    {file = "pluggy-0.13.1-py2.py3-none-any.whl", hash = "sha256:966c145cd83c96502c3c3868f50408687b38434af77734af1e9ca461a4081d2d"},
    {file = "pluggy-0.13.1.tar.gz", hash = "sha256:15b2acde666561e1298d71b523007ed7364de07029219b604cf808bfa1c765b0"},
]
py = [
    {file = "py-1.11.0-py2.py3-none-any.whl", hash = "sha256:607c53218732647dff4acdfcd50cb62615cedf612e72d1724fb1a0cc6405b378"},
    {file = "py-1.11.0.tar.gz", hash = "sha256:51c75c4126074b472f746a24399ad32f6053d1b34b68d2fa41e558e6f4a98719"},
]
py-chinese-pronounce = [
    {file = "py_chinese_pronounce-0.1.7-py3-none-any.whl", hash = "sha256:fe7e7f96811e64f44225cdf2d416b82f6dbb3e21d07518eccad8b6d2f9631152"},
    {file = "py_chinese_pronounce-0.1.7.tar.gz", hash = "sha256:3e115bf6595494251eb15f40fa0a42c97b05250a438ad670f100b7098b1b355d"},
]
pydantic = [
    {file = "pydantic-1.10.2-cp310-cp310-macosx_10_9_x86_64.whl", hash = "sha256:bb6ad4489af1bac6955d38ebcb95079a836af31e4c4f74aba1ca05bb9f6027bd"},
    {file = "pydantic-1.10.2-cp310-cp310-macosx_11_0_arm64.whl", hash = "sha256:a1f5a63a6dfe19d719b1b6e6106561869d2efaca6167f84f5ab9347887d78b98"},
    {file = "pydantic-1.10.2-cp310-cp310-manylinux_2_17_x86_64.manylinux2014_x86_64.whl", hash = "sha256:352aedb1d71b8b0736c6d56ad2bd34c6982720644b0624462059ab29bd6e5912"},
    {file = "pydantic-1.10.2-cp310-cp310-manylinux_2_5_i686.manylinux1_i686.manylinux_2_17_i686.manylinux2014_i686.whl", hash = "sha256:19b3b9ccf97af2b7519c42032441a891a5e05c68368f40865a90eb88833c2559"},
    {file = "pydantic-1.10.2-cp310-cp310-musllinux_1_1_i686.whl", hash = "sha256:e9069e1b01525a96e6ff49e25876d90d5a563bc31c658289a8772ae186552236"},
    {file = "pydantic-1.10.2-cp310-cp310-musllinux_1_1_x86_64.whl", hash = "sha256:355639d9afc76bcb9b0c3000ddcd08472ae75318a6eb67a15866b87e2efa168c"},
    {file = "pydantic-1.10.2-cp310-cp310-win_amd64.whl", hash = "sha256:ae544c47bec47a86bc7d350f965d8b15540e27e5aa4f55170ac6a75e5f73b644"},
    {file = "pydantic-1.10.2-cp311-cp311-macosx_10_9_x86_64.whl", hash = "sha256:a4c805731c33a8db4b6ace45ce440c4ef5336e712508b4d9e1aafa617dc9907f"},
    {file = "pydantic-1.10.2-cp311-cp311-macosx_11_0_arm64.whl", hash = "sha256:d49f3db871575e0426b12e2f32fdb25e579dea16486a26e5a0474af87cb1ab0a"},
    {file = "pydantic-1.10.2-cp311-cp311-manylinux_2_17_x86_64.manylinux2014_x86_64.whl", hash = "sha256:37c90345ec7dd2f1bcef82ce49b6235b40f282b94d3eec47e801baf864d15525"},
    {file = "pydantic-1.10.2-cp311-cp311-manylinux_2_5_i686.manylinux1_i686.manylinux_2_17_i686.manylinux2014_i686.whl", hash = "sha256:7b5ba54d026c2bd2cb769d3468885f23f43710f651688e91f5fb1edcf0ee9283"},
    {file = "pydantic-1.10.2-cp311-cp311-musllinux_1_1_i686.whl", hash = "sha256:05e00dbebbe810b33c7a7362f231893183bcc4251f3f2ff991c31d5c08240c42"},
    {file = "pydantic-1.10.2-cp311-cp311-musllinux_1_1_x86_64.whl", hash = "sha256:2d0567e60eb01bccda3a4df01df677adf6b437958d35c12a3ac3e0f078b0ee52"},
    {file = "pydantic-1.10.2-cp311-cp311-win_amd64.whl", hash = "sha256:c6f981882aea41e021f72779ce2a4e87267458cc4d39ea990729e21ef18f0f8c"},
    {file = "pydantic-1.10.2-cp37-cp37m-macosx_10_9_x86_64.whl", hash = "sha256:c4aac8e7103bf598373208f6299fa9a5cfd1fc571f2d40bf1dd1955a63d6eeb5"},
    {file = "pydantic-1.10.2-cp37-cp37m-manylinux_2_17_x86_64.manylinux2014_x86_64.whl", hash = "sha256:81a7b66c3f499108b448f3f004801fcd7d7165fb4200acb03f1c2402da73ce4c"},
    {file = "pydantic-1.10.2-cp37-cp37m-manylinux_2_5_i686.manylinux1_i686.manylinux_2_17_i686.manylinux2014_i686.whl", hash = "sha256:bedf309630209e78582ffacda64a21f96f3ed2e51fbf3962d4d488e503420254"},
    {file = "pydantic-1.10.2-cp37-cp37m-musllinux_1_1_i686.whl", hash = "sha256:9300fcbebf85f6339a02c6994b2eb3ff1b9c8c14f502058b5bf349d42447dcf5"},
    {file = "pydantic-1.10.2-cp37-cp37m-musllinux_1_1_x86_64.whl", hash = "sha256:216f3bcbf19c726b1cc22b099dd409aa371f55c08800bcea4c44c8f74b73478d"},
    {file = "pydantic-1.10.2-cp37-cp37m-win_amd64.whl", hash = "sha256:dd3f9a40c16daf323cf913593083698caee97df2804aa36c4b3175d5ac1b92a2"},
    {file = "pydantic-1.10.2-cp38-cp38-macosx_10_9_x86_64.whl", hash = "sha256:b97890e56a694486f772d36efd2ba31612739bc6f3caeee50e9e7e3ebd2fdd13"},
    {file = "pydantic-1.10.2-cp38-cp38-macosx_11_0_arm64.whl", hash = "sha256:9cabf4a7f05a776e7793e72793cd92cc865ea0e83a819f9ae4ecccb1b8aa6116"},
    {file = "pydantic-1.10.2-cp38-cp38-manylinux_2_17_x86_64.manylinux2014_x86_64.whl", hash = "sha256:06094d18dd5e6f2bbf93efa54991c3240964bb663b87729ac340eb5014310624"},
    {file = "pydantic-1.10.2-cp38-cp38-manylinux_2_5_i686.manylinux1_i686.manylinux_2_17_i686.manylinux2014_i686.whl", hash = "sha256:cc78cc83110d2f275ec1970e7a831f4e371ee92405332ebfe9860a715f8336e1"},
    {file = "pydantic-1.10.2-cp38-cp38-musllinux_1_1_i686.whl", hash = "sha256:1ee433e274268a4b0c8fde7ad9d58ecba12b069a033ecc4645bb6303c062d2e9"},
    {file = "pydantic-1.10.2-cp38-cp38-musllinux_1_1_x86_64.whl", hash = "sha256:7c2abc4393dea97a4ccbb4ec7d8658d4e22c4765b7b9b9445588f16c71ad9965"},
    {file = "pydantic-1.10.2-cp38-cp38-win_amd64.whl", hash = "sha256:0b959f4d8211fc964772b595ebb25f7652da3f22322c007b6fed26846a40685e"},
    {file = "pydantic-1.10.2-cp39-cp39-macosx_10_9_x86_64.whl", hash = "sha256:c33602f93bfb67779f9c507e4d69451664524389546bacfe1bee13cae6dc7488"},
    {file = "pydantic-1.10.2-cp39-cp39-macosx_11_0_arm64.whl", hash = "sha256:5760e164b807a48a8f25f8aa1a6d857e6ce62e7ec83ea5d5c5a802eac81bad41"},
    {file = "pydantic-1.10.2-cp39-cp39-manylinux_2_17_x86_64.manylinux2014_x86_64.whl", hash = "sha256:6eb843dcc411b6a2237a694f5e1d649fc66c6064d02b204a7e9d194dff81eb4b"},
    {file = "pydantic-1.10.2-cp39-cp39-manylinux_2_5_i686.manylinux1_i686.manylinux_2_17_i686.manylinux2014_i686.whl", hash = "sha256:4b8795290deaae348c4eba0cebb196e1c6b98bdbe7f50b2d0d9a4a99716342fe"},
    {file = "pydantic-1.10.2-cp39-cp39-musllinux_1_1_i686.whl", hash = "sha256:e0bedafe4bc165ad0a56ac0bd7695df25c50f76961da29c050712596cf092d6d"},
    {file = "pydantic-1.10.2-cp39-cp39-musllinux_1_1_x86_64.whl", hash = "sha256:2e05aed07fa02231dbf03d0adb1be1d79cabb09025dd45aa094aa8b4e7b9dcda"},
    {file = "pydantic-1.10.2-cp39-cp39-win_amd64.whl", hash = "sha256:c1ba1afb396148bbc70e9eaa8c06c1716fdddabaf86e7027c5988bae2a829ab6"},
    {file = "pydantic-1.10.2-py3-none-any.whl", hash = "sha256:1b6ee725bd6e83ec78b1aa32c5b1fa67a3a65badddde3976bca5fe4568f27709"},
    {file = "pydantic-1.10.2.tar.gz", hash = "sha256:91b8e218852ef6007c2b98cd861601c6a09f1aa32bbbb74fab5b1c33d4a1e410"},
]
pyparsing = [
    {file = "pyparsing-3.0.9-py3-none-any.whl", hash = "sha256:5026bae9a10eeaefb61dab2f09052b9f4307d44aee4eda64b309723d8d206bbc"},
    {file = "pyparsing-3.0.9.tar.gz", hash = "sha256:2b020ecf7d21b687f219b71ecad3631f644a47f01403fa1d1036b0c6416d70fb"},
]
pytest = [
    {file = "pytest-5.4.3-py3-none-any.whl", hash = "sha256:5c0db86b698e8f170ba4582a492248919255fcd4c79b1ee64ace34301fb589a1"},
    {file = "pytest-5.4.3.tar.gz", hash = "sha256:7979331bfcba207414f5e1263b5a0f8f521d0f457318836a7355531ed1a4c7d8"},
]
rapidfuzz = [
    {file = "rapidfuzz-2.11.1-cp310-cp310-macosx_10_9_universal2.whl", hash = "sha256:134a467692216e05a8806efe40e3bcae9aa81b9e051b209a4244b639a168c78e"},
    {file = "rapidfuzz-2.11.1-cp310-cp310-macosx_10_9_x86_64.whl", hash = "sha256:2bc3ec87df5eaad59e6e02e6517047fb268a48866f3531c4b8b59c2c78069fe5"},
    {file = "rapidfuzz-2.11.1-cp310-cp310-macosx_11_0_arm64.whl", hash = "sha256:65b8611c9f5385a2986e11e85137cdecf40610e5d5f250d96a9ed32b7e995c4a"},
    {file = "rapidfuzz-2.11.1-cp310-cp310-manylinux_2_17_aarch64.manylinux2014_aarch64.whl", hash = "sha256:c1477455b82d6db7336ef769f507a55bba9fe9f1c96dc531d7c2c510630307d6"},
    {file = "rapidfuzz-2.11.1-cp310-cp310-manylinux_2_17_i686.manylinux2014_i686.whl", hash = "sha256:dafe8c6e74fea0fdcfec002bc77aee40b4891b14ea513e6092402609ac8dac00"},
    {file = "rapidfuzz-2.11.1-cp310-cp310-manylinux_2_17_ppc64le.manylinux2014_ppc64le.whl", hash = "sha256:24569412e1aac1ac008548cdcd40da771e14467f4bacab9f9abfe5bbb5dfe8be"},
    {file = "rapidfuzz-2.11.1-cp310-cp310-manylinux_2_17_s390x.manylinux2014_s390x.whl", hash = "sha256:5e3164736ed071dc743994b9228ead52b63010aba24b1621de81b3ac39d490b9"},
    {file = "rapidfuzz-2.11.1-cp310-cp310-manylinux_2_17_x86_64.manylinux2014_x86_64.whl", hash = "sha256:8b480a78227457a0b65e0b23afbda9c152dee4e1b41ccc058db8c41ea7a82ab0"},
    {file = "rapidfuzz-2.11.1-cp310-cp310-musllinux_1_1_aarch64.whl", hash = "sha256:bd595bd23a4e1c72d5f5ac416ea49b9a3d87e11fb2db4b960378038ce9bb12f7"},
    {file = "rapidfuzz-2.11.1-cp310-cp310-musllinux_1_1_i686.whl", hash = "sha256:30773e23bebe27ddcf7644d6ebb143bf7c9adeb18019a963172174ef522c0831"},
    {file = "rapidfuzz-2.11.1-cp310-cp310-musllinux_1_1_ppc64le.whl", hash = "sha256:dc0f695b32700b14f404cccaebc25eea6db323418385568297995aee8b5278f8"},
    {file = "rapidfuzz-2.11.1-cp310-cp310-musllinux_1_1_s390x.whl", hash = "sha256:2d3652804ae17920eaa965b1e057ee0ea32d5bb02f50147c82a1d350a86fc3f1"},
    {file = "rapidfuzz-2.11.1-cp310-cp310-musllinux_1_1_x86_64.whl", hash = "sha256:9081542fea2baeebda8caa43a54ecd8a152a05ff3271c38ac8eae447377cef54"},
    {file = "rapidfuzz-2.11.1-cp310-cp310-win32.whl", hash = "sha256:ea5bc5bae1cf447b79be04f05e73b6ea39a5df63374f70cc5d6862337462d4d9"},
    {file = "rapidfuzz-2.11.1-cp310-cp310-win_amd64.whl", hash = "sha256:86c34175830cacac1c16d2182a0f725afbd40042955b7572c8475e3b6a5d8ada"},
    {file = "rapidfuzz-2.11.1-cp311-cp311-macosx_10_9_universal2.whl", hash = "sha256:588dd5f520683af53a9d9d0cabde0987788c0ea9adfda3b058a9c27f448b2b3f"},
    {file = "rapidfuzz-2.11.1-cp311-cp311-macosx_10_9_x86_64.whl", hash = "sha256:d1d8192820d8489a8e3ef160cbe38f5ff974db5263c76438cf44e7574743353b"},
    {file = "rapidfuzz-2.11.1-cp311-cp311-macosx_11_0_arm64.whl", hash = "sha256:ced719fcae6f2a348ac596b67f6d7c26ff3d9d2b7378237953ac5e162d8a4e2e"},
    {file = "rapidfuzz-2.11.1-cp311-cp311-manylinux_2_17_aarch64.manylinux2014_aarch64.whl", hash = "sha256:f71edc8503d08bc5d35187eb72f13b7ec78647f1c14bb90a758ae795b049f788"},
    {file = "rapidfuzz-2.11.1-cp311-cp311-manylinux_2_17_i686.manylinux2014_i686.whl", hash = "sha256:705ccd8de2b7b5295c6a230a3919fc9db8da9d2a6347c15c871fcb2202abd237"},
    {file = "rapidfuzz-2.11.1-cp311-cp311-manylinux_2_17_ppc64le.manylinux2014_ppc64le.whl", hash = "sha256:d24181dfdfcc3d9b37333fea2f5bf9f51e034bd9e0ba67a871f18686b797c739"},
    {file = "rapidfuzz-2.11.1-cp311-cp311-manylinux_2_17_s390x.manylinux2014_s390x.whl", hash = "sha256:ecfe2fe942edabcd1553701237710de296d3eb45472f9128662c95da98e9ed43"},
    {file = "rapidfuzz-2.11.1-cp311-cp311-manylinux_2_17_x86_64.manylinux2014_x86_64.whl", hash = "sha256:40e8d37d67a6e4713ddb6053eb3007a3ca15eddd23f2e4a5039c39e666c10b3a"},
    {file = "rapidfuzz-2.11.1-cp311-cp311-musllinux_1_1_aarch64.whl", hash = "sha256:804c7c67dc316f77b01b9bef5e75f727b73ff1015ff0514972b59dc05eec4d81"},
    {file = "rapidfuzz-2.11.1-cp311-cp311-musllinux_1_1_i686.whl", hash = "sha256:8d6fa1d009fcb9a9169548c29d65a1f05c0fcf1ac966f40e35035307d6a17050"},
    {file = "rapidfuzz-2.11.1-cp311-cp311-musllinux_1_1_ppc64le.whl", hash = "sha256:bd7a1992e91c90197c34ccc674bd64262262627083c99896b79e2c9f5fe28075"},
    {file = "rapidfuzz-2.11.1-cp311-cp311-musllinux_1_1_s390x.whl", hash = "sha256:c288e239fc3aaae3865e43e1f35b606f92ee687a0801e4d46c45d7849aebbe35"},
    {file = "rapidfuzz-2.11.1-cp311-cp311-musllinux_1_1_x86_64.whl", hash = "sha256:eec5ad2f06701e57a2cb483c849704bdf8ea76195918550ab2fc4287970f1c76"},
    {file = "rapidfuzz-2.11.1-cp311-cp311-win32.whl", hash = "sha256:d51b9183ebce60d4795ceaef24b8db2df3ed04307ee787d6adafcc196330a47c"},
    {file = "rapidfuzz-2.11.1-cp311-cp311-win_amd64.whl", hash = "sha256:553e8e3dce321ed33e8b437586e7765d78e6d8fbb236b02768b46e1b2b91b41e"},
    {file = "rapidfuzz-2.11.1-cp36-cp36m-macosx_10_9_x86_64.whl", hash = "sha256:3b6573607568438dfc3d4341b0b00d326ac2cf86281df97e7f8c0348e2f89b5e"},
    {file = "rapidfuzz-2.11.1-cp36-cp36m-manylinux_2_17_aarch64.manylinux2014_aarch64.whl", hash = "sha256:769cf4099f53507231ba04cbf9ee16bea3c193767efc9bdf5e6c59e67e6b5cea"},
    {file = "rapidfuzz-2.11.1-cp36-cp36m-manylinux_2_17_i686.manylinux2014_i686.whl", hash = "sha256:f6e6395404b0239cff7873a18a94839343a44429624f2a70a27b914cc5059580"},
    {file = "rapidfuzz-2.11.1-cp36-cp36m-manylinux_2_17_ppc64le.manylinux2014_ppc64le.whl", hash = "sha256:b5cd1ea9fa396243d34f7bac5bb5787f89310f13fd2b092d11940c6cd7bd0bd8"},
    {file = "rapidfuzz-2.11.1-cp36-cp36m-manylinux_2_17_s390x.manylinux2014_s390x.whl", hash = "sha256:8bc00bd6b6407dc7a8eb31964bcc38862c25e7f5f5982f912f265eb3c4d83140"},
    {file = "rapidfuzz-2.11.1-cp36-cp36m-manylinux_2_17_x86_64.manylinux2014_x86_64.whl", hash = "sha256:f2f91b867d7eca3b99c25e06e7e3a6f84cd4ccb99f390721670ba956f79167c9"},
    {file = "rapidfuzz-2.11.1-cp36-cp36m-musllinux_1_1_aarch64.whl", hash = "sha256:7dd6a439fb09dc9ba463de3f5c8e20f097225816b33a66380b68c8561a08045c"},
    {file = "rapidfuzz-2.11.1-cp36-cp36m-musllinux_1_1_i686.whl", hash = "sha256:3f1c030e2d61d77cb14814640618e29cf13e4554340a3baa9191d162a4dfcd9e"},
    {file = "rapidfuzz-2.11.1-cp36-cp36m-musllinux_1_1_ppc64le.whl", hash = "sha256:9924497dec6a30b5158ef7cc9c60a87c6c46d9f7b7bb7254d4f157b57b531fb8"},
    {file = "rapidfuzz-2.11.1-cp36-cp36m-musllinux_1_1_s390x.whl", hash = "sha256:56aa67bf938e8dcc5e940f183538f09041441f1c4c5a86abe748416950db9d27"},
    {file = "rapidfuzz-2.11.1-cp36-cp36m-musllinux_1_1_x86_64.whl", hash = "sha256:13ce1019ddce7419502fac43b62ac166d3d6d290b727050e3de5bda79a6beb59"},
    {file = "rapidfuzz-2.11.1-cp36-cp36m-win32.whl", hash = "sha256:254d5a800de54c416fa9b220e442a4861b272c1223139ae3dee0aea1c9f27c9c"},
    {file = "rapidfuzz-2.11.1-cp36-cp36m-win_amd64.whl", hash = "sha256:16a2edf3ea888c9d3582761a2bbaa734e03f6db25d96e73edd4dcef6883897ee"},
    {file = "rapidfuzz-2.11.1-cp37-cp37m-macosx_10_9_x86_64.whl", hash = "sha256:faba219b270b78e9494cfe3d955d7b45c10799c18ee47ec24b1ada93978d491b"},
    {file = "rapidfuzz-2.11.1-cp37-cp37m-manylinux_2_17_aarch64.manylinux2014_aarch64.whl", hash = "sha256:6b12420d5b769cd7e1478a8085aeea1ad0ffc8f7fedc86c48b8d598e1602f5ad"},
    {file = "rapidfuzz-2.11.1-cp37-cp37m-manylinux_2_17_i686.manylinux2014_i686.whl", hash = "sha256:e2fe220d4b100b00734d9388e33296ac8f585c763548c372ca17b24affa178e0"},
    {file = "rapidfuzz-2.11.1-cp37-cp37m-manylinux_2_17_ppc64le.manylinux2014_ppc64le.whl", hash = "sha256:c10724490b87fcb86161e5ceb17893626d13363e31efee77aa8e251ee16dcdd5"},
    {file = "rapidfuzz-2.11.1-cp37-cp37m-manylinux_2_17_s390x.manylinux2014_s390x.whl", hash = "sha256:47e163d6a6676be9a3a7e93d5a2c3c65a43c1530b680903ebdba951e07ee7999"},
    {file = "rapidfuzz-2.11.1-cp37-cp37m-manylinux_2_17_x86_64.manylinux2014_x86_64.whl", hash = "sha256:b4f577ded3e40695d5e0796e8b7f4fa78577d873627e0d0692f7060ad73af314"},
    {file = "rapidfuzz-2.11.1-cp37-cp37m-musllinux_1_1_aarch64.whl", hash = "sha256:cc3103e31d27352afe4c5a71702e09185850187d299145d5e98f9fb99a3be498"},
    {file = "rapidfuzz-2.11.1-cp37-cp37m-musllinux_1_1_i686.whl", hash = "sha256:2183fc91971c0853f6170225577d24d81b865d416104b433de53e55a6d2a476a"},
    {file = "rapidfuzz-2.11.1-cp37-cp37m-musllinux_1_1_ppc64le.whl", hash = "sha256:86038b9777b2aa0ebf8c586b81cba166ccde7e6d744aad576cd98c1a07be4c53"},
    {file = "rapidfuzz-2.11.1-cp37-cp37m-musllinux_1_1_s390x.whl", hash = "sha256:f5ed8d4e1545f08bd3745cc47742b3689f1a652b00590caeb32caf3297d01e06"},
    {file = "rapidfuzz-2.11.1-cp37-cp37m-musllinux_1_1_x86_64.whl", hash = "sha256:bfabc6130752f4f77584b2ecbba2adf6fe469b06c52cb974ba8304f1f63bb24f"},
    {file = "rapidfuzz-2.11.1-cp37-cp37m-win32.whl", hash = "sha256:dad6697c6b9e02dd45f73e22646913daad743afd27dadb0b6a430a1573fb4566"},
    {file = "rapidfuzz-2.11.1-cp37-cp37m-win_amd64.whl", hash = "sha256:adc7c6cb3dde5c284d84c7c6f4602b1545ba89c6ebb857b337d0428befb344e5"},
    {file = "rapidfuzz-2.11.1-cp38-cp38-macosx_10_9_universal2.whl", hash = "sha256:52639268dffc8900892a5e57964228fb187512b0f249de9a45ba37c6f2bc52a5"},
    {file = "rapidfuzz-2.11.1-cp38-cp38-macosx_10_9_x86_64.whl", hash = "sha256:a48ff6b6258a32f50f876a6c74fa2f506c1de3b11773d6bf31b6715255807a48"},
    {file = "rapidfuzz-2.11.1-cp38-cp38-macosx_11_0_arm64.whl", hash = "sha256:5080ad715e39b8a2d82339cf4170785e9092c7625ec2095ff3590fdb0a532a41"},
    {file = "rapidfuzz-2.11.1-cp38-cp38-manylinux_2_17_aarch64.manylinux2014_aarch64.whl", hash = "sha256:8b402e99593483a8b05a09fb2a20379ecaa9b0d1f1cf32957b42134bd3305731"},
    {file = "rapidfuzz-2.11.1-cp38-cp38-manylinux_2_17_i686.manylinux2014_i686.whl", hash = "sha256:0f09ff49b28e557615a9ad4d5eedbfd5b886fccb3ec35d85dd34c51348c4bf98"},
    {file = "rapidfuzz-2.11.1-cp38-cp38-manylinux_2_17_ppc64le.manylinux2014_ppc64le.whl", hash = "sha256:bd8f36d8bd399c7d695182e467b4428adb940a157014ab605bbe4d0ab0a1976e"},
    {file = "rapidfuzz-2.11.1-cp38-cp38-manylinux_2_17_s390x.manylinux2014_s390x.whl", hash = "sha256:e459287f0daaee3ee0108123d7e9a1c1c136e94d4382533a93cb509d54dc1ea3"},
    {file = "rapidfuzz-2.11.1-cp38-cp38-manylinux_2_17_x86_64.manylinux2014_x86_64.whl", hash = "sha256:41c9e2acfa25c7667b70913d63887f76e981badc1e95a2878257d28b96f5a10c"},
    {file = "rapidfuzz-2.11.1-cp38-cp38-musllinux_1_1_aarch64.whl", hash = "sha256:931a939ba5e5574f769507038fdf400dbbc46aab2866d4e5e96d83a29f081712"},
    {file = "rapidfuzz-2.11.1-cp38-cp38-musllinux_1_1_i686.whl", hash = "sha256:5e89f50f5f3be2b851e9714015e1a26c6546e6b42f3df69b86200af8eacf9d8c"},
    {file = "rapidfuzz-2.11.1-cp38-cp38-musllinux_1_1_ppc64le.whl", hash = "sha256:64133c9f45cb88b508d52427339b796c76e1790300c7ea4d2ed210f224e0698d"},
    {file = "rapidfuzz-2.11.1-cp38-cp38-musllinux_1_1_s390x.whl", hash = "sha256:3d50a2ca8cd1cea13afd2ff8e052ba49860c64cc3e617398670fd6a8d11e450f"},
    {file = "rapidfuzz-2.11.1-cp38-cp38-musllinux_1_1_x86_64.whl", hash = "sha256:bafd18a27dbe3197e460809468a7c47d9d29d1ebab6a878d5bb5a71fda2056d6"},
    {file = "rapidfuzz-2.11.1-cp38-cp38-win32.whl", hash = "sha256:c822853e9d54979eb5fcf9e54c1f90e5c18eeb399571383ac768cff47d6d6ada"},
    {file = "rapidfuzz-2.11.1-cp38-cp38-win_amd64.whl", hash = "sha256:a7f5a77466c4701062469bce29358ca0797db2bc6d8f6c3cd4e13f418cca10bc"},
    {file = "rapidfuzz-2.11.1-cp39-cp39-macosx_10_9_universal2.whl", hash = "sha256:bf5277ff74c9980245697ea227057d0f05b31c96bc73bae2697c1a48d4980e45"},
    {file = "rapidfuzz-2.11.1-cp39-cp39-macosx_10_9_x86_64.whl", hash = "sha256:6803ef01f4056d61120e37acba8953e6b3149363e85caaba40ee8d49753fe7bd"},
    {file = "rapidfuzz-2.11.1-cp39-cp39-macosx_11_0_arm64.whl", hash = "sha256:475aacad5d5c4f9ad920b4232cc196d79a1777fe1eada9122103c30154d18af4"},
    {file = "rapidfuzz-2.11.1-cp39-cp39-manylinux_2_17_aarch64.manylinux2014_aarch64.whl", hash = "sha256:a98c63d1f5ec2c15adf5dc81c461c8d88c16395956f4518b78e2e04b3285b1e5"},
    {file = "rapidfuzz-2.11.1-cp39-cp39-manylinux_2_17_i686.manylinux2014_i686.whl", hash = "sha256:8a11b70ebb2d7317d69bdb1f692a0eda292a4cddfe9ccb760a8d1a9e763811dd"},
    {file = "rapidfuzz-2.11.1-cp39-cp39-manylinux_2_17_ppc64le.manylinux2014_ppc64le.whl", hash = "sha256:984d40ecda0bc0109c4239d782dfe87362d02b286548672f8a2468eabbf48a69"},
    {file = "rapidfuzz-2.11.1-cp39-cp39-manylinux_2_17_s390x.manylinux2014_s390x.whl", hash = "sha256:7c457f779992a0f5527455cdc17c387268ae9f712d4e29d691704c83c6e58c2d"},
    {file = "rapidfuzz-2.11.1-cp39-cp39-manylinux_2_17_x86_64.manylinux2014_x86_64.whl", hash = "sha256:578934d7524f8378175295e6411b737d35d393d91d4661c739daa8ea2b185836"},
    {file = "rapidfuzz-2.11.1-cp39-cp39-musllinux_1_1_aarch64.whl", hash = "sha256:f9226824c132d38f2337d2c76e3009acc036f0b05f20e95e82f8195400e1e366"},
    {file = "rapidfuzz-2.11.1-cp39-cp39-musllinux_1_1_i686.whl", hash = "sha256:0e64ab58b19866ad3df53e651a429871d744f8794cca25c553396b25d679a1ac"},
    {file = "rapidfuzz-2.11.1-cp39-cp39-musllinux_1_1_ppc64le.whl", hash = "sha256:c77cec595dc80f97a1b32413fb1b618e4da8ba132697e075ad8e4025c4058575"},
    {file = "rapidfuzz-2.11.1-cp39-cp39-musllinux_1_1_s390x.whl", hash = "sha256:5aff0ac1723f7c8d751869a51e6b12d703fd6e6153228d68d8773f19bd5bd968"},
    {file = "rapidfuzz-2.11.1-cp39-cp39-musllinux_1_1_x86_64.whl", hash = "sha256:17ba5fb474515356608cdb8d750f95c12f3e4dc9a0e2c9d7caca3d4cee55048e"},
    {file = "rapidfuzz-2.11.1-cp39-cp39-win32.whl", hash = "sha256:cad5088f1adb9161f2def653908328cfa1dc9bc57e7e41ccdc9339d31cc576d1"},
    {file = "rapidfuzz-2.11.1-cp39-cp39-win_amd64.whl", hash = "sha256:ea4f0d056a95cfdabde667a1796f9ba5296d2776bce2fd4d4cb5674e0e10671f"},
    {file = "rapidfuzz-2.11.1-pp37-pypy37_pp73-macosx_10_9_x86_64.whl", hash = "sha256:036f904bcac16d726273eee7ec0636978af31d151f30c95b611240e22592ab79"},
    {file = "rapidfuzz-2.11.1-pp37-pypy37_pp73-manylinux_2_17_aarch64.manylinux2014_aarch64.whl", hash = "sha256:b5c7b0a4929bfd3945d9c2022cff0b683a39accf5594897fa9004cee4f402b06"},
    {file = "rapidfuzz-2.11.1-pp37-pypy37_pp73-manylinux_2_17_i686.manylinux2014_i686.whl", hash = "sha256:f72d33b0d76a658d8b692b3e42c45539939bac26ff5b71b516cb20fa6d8ff7f6"},
    {file = "rapidfuzz-2.11.1-pp37-pypy37_pp73-manylinux_2_17_x86_64.manylinux2014_x86_64.whl", hash = "sha256:d181889218d80f6beb5ae3838bc23e201d2a1fae688baaa40d82ef9080594315"},
    {file = "rapidfuzz-2.11.1-pp37-pypy37_pp73-win_amd64.whl", hash = "sha256:7750b950a6987bce114b9f36413399712422f4f49b2ad43f4b4ee3af34968b99"},
    {file = "rapidfuzz-2.11.1-pp38-pypy38_pp73-macosx_10_9_x86_64.whl", hash = "sha256:12e14b0c43e3bc0c679ef09bfcbcaf9397534e03b8854c417086779a79e08bb2"},
    {file = "rapidfuzz-2.11.1-pp38-pypy38_pp73-manylinux_2_17_aarch64.manylinux2014_aarch64.whl", hash = "sha256:09de4fd3dbcc73f61b85af006372f48fee7d4324de227702b9da0d2572445d26"},
    {file = "rapidfuzz-2.11.1-pp38-pypy38_pp73-manylinux_2_17_i686.manylinux2014_i686.whl", hash = "sha256:54264d70af59224d6874fcc5828da50d99668055574fe254849cab96f3b80e43"},
    {file = "rapidfuzz-2.11.1-pp38-pypy38_pp73-manylinux_2_17_x86_64.manylinux2014_x86_64.whl", hash = "sha256:7478341137e65a0227fda4f3e39b3d50e6ec7dd4f767077dd435b412c2f2c129"},
    {file = "rapidfuzz-2.11.1-pp38-pypy38_pp73-win_amd64.whl", hash = "sha256:68d46ad148c9cb8be532b5dd7bc246b067e81d4cfabad19b4cb6ac4031cab124"},
    {file = "rapidfuzz-2.11.1-pp39-pypy39_pp73-macosx_10_9_x86_64.whl", hash = "sha256:ea4107a5cc00a05c92be47047662000296d2ccc7ba93aaa030cd5ecab8d5ffaf"},
    {file = "rapidfuzz-2.11.1-pp39-pypy39_pp73-manylinux_2_17_aarch64.manylinux2014_aarch64.whl", hash = "sha256:0c8a5e65cab629ca5bb4b1d2b410f8444384b60364ab528508200acfdf9e659d"},
    {file = "rapidfuzz-2.11.1-pp39-pypy39_pp73-manylinux_2_17_i686.manylinux2014_i686.whl", hash = "sha256:c305ea5405f8615e6ecd39cb28acc7a362713ba3c17c7737b591b377d1afd9ec"},
    {file = "rapidfuzz-2.11.1-pp39-pypy39_pp73-manylinux_2_17_x86_64.manylinux2014_x86_64.whl", hash = "sha256:0429a7a51d1372afaca969ee3170f9975f2fe6e187b485aeef55d3e8d7d934e0"},
    {file = "rapidfuzz-2.11.1-pp39-pypy39_pp73-win_amd64.whl", hash = "sha256:42d18db6f7e1e6ef85a8e673b2fa3352727cc56e60e48e7c9268fe0286ab9f91"},
    {file = "rapidfuzz-2.11.1.tar.gz", hash = "sha256:61152fa1e3df04b4e748f09338f36ca32f7953829f4e630d26f7f564f4cb527b"},
]
typing-extensions = [
    {file = "typing_extensions-4.4.0-py3-none-any.whl", hash = "sha256:16fa4864408f655d35ec496218b85f79b3437c829e93320c7c9215ccfd92489e"},
    {file = "typing_extensions-4.4.0.tar.gz", hash = "sha256:1511434bb92bf8dd198c12b1cc812e800d4181cfcb867674e0f8279cc93087aa"},
]
wcwidth = [
    {file = "wcwidth-0.2.5-py2.py3-none-any.whl", hash = "sha256:beb4802a9cebb9144e99086eff703a642a13d6a0052920003a230f3294bbe784"},
    {file = "wcwidth-0.2.5.tar.gz", hash = "sha256:c4d647b99872929fdb7bdcaa4fbe7f01413ed3d98077df798530e5b04f116c83"},
]
win32-setctime = [
    {file = "win32_setctime-1.1.0-py3-none-any.whl", hash = "sha256:231db239e959c2fe7eb1d7dc129f11172354f98361c4fa2d6d2d7e278baa8aad"},
    {file = "win32_setctime-1.1.0.tar.gz", hash = "sha256:15cf5750465118d6929ae4de4eb46e8edae9a5634350c01ba582df868e932cb2"},
]
